
Microsoft Visual Studio Solution File, Format Version 12.00
# Visual Studio Version 17
Project("{8BC9CEB8-8B4A-11D0-8D11-00A0C91BC942}") = "ALL_BUILD", "ALL_BUILD.vcxproj", "{9F946381-954F-3CED-85BE-FF2316191304}"
	ProjectSection(ProjectDependencies) = postProject
		{2FC86D31-0357-3F00-868D-0602625F0268} = {2FC86D31-0357-3F00-868D-0602625F0268}
		{DFAF2768-0BDD-3B00-A1E6-FF43E6FACA7C} = {DFAF2768-0BDD-3B00-A1E6-FF43E6FACA7C}
		{5AA2BBB9-EFCD-37BF-8DD1-365D73074602} = {5AA2BBB9-EFCD-37BF-8DD1-365D73074602}
	EndProjectSection
EndProject
Project("{8BC9CEB8-8B4A-11D0-8D11-00A0C91BC942}") = "CommonLibSSE", "CommonLibSSE\CommonLibSSE.vcxproj", "{2FC86D31-0357-3F00-868D-0602625F0268}"
	ProjectSection(ProjectDependencies) = postProject
		{5AA2BBB9-EFCD-37BF-8DD1-365D73074602} = {5AA2BBB9-EFCD-37BF-8DD1-365D73074602}
	EndProjectSection
EndProject
Project("{8BC9CEB8-8B4A-11D0-8D11-00A0C91BC942}") = "CurrencySwapper", "CurrencySwapper.vcxproj", "{DFAF2768-0BDD-3B00-A1E6-FF43E6FACA7C}"
	ProjectSection(ProjectDependencies) = postProject
		{2FC86D31-0357-3F00-868D-0602625F0268} = {2FC86D31-0357-3F00-868D-0602625F0268}
		{5AA2BBB9-EFCD-37BF-8DD1-365D73074602} = {5AA2BBB9-EFCD-37BF-8DD1-365D73074602}
	EndProjectSection
EndProject
Project("{8BC9CEB8-8B4A-11D0-8D11-00A0C91BC942}") = "INSTALL", "INSTALL.vcxproj", "{2AB4F9F5-994D-3297-9D02-15807AA3D0B5}"
	ProjectSection(ProjectDependencies) = postProject
		{9F946381-954F-3CED-85BE-FF2316191304} = {9F946381-954F-3CED-85BE-FF2316191304}
		{5AA2BBB9-EFCD-37BF-8DD1-365D73074602} = {5AA2BBB9-EFCD-37BF-8DD1-365D73074602}
	EndProjectSection
EndProject
Project("{8BC9CEB8-8B4A-11D0-8D11-00A0C91BC942}") = "ZERO_CHECK", "ZERO_CHECK.vcxproj", "{5AA2BBB9-EFCD-37BF-8DD1-365D73074602}"
	ProjectSection(ProjectDependencies) = postProject
	EndProjectSection
EndProject
Global
	GlobalSection(SolutionConfigurationPlatforms) = preSolution
		Debug|x64 = Debug|x64
		Release|x64 = Release|x64
	EndGlobalSection
	GlobalSection(ProjectConfigurationPlatforms) = postSolution
		{9F946381-954F-3CED-85BE-FF2316191304}.Debug|x64.ActiveCfg = Debug|x64
		{9F946381-954F-3CED-85BE-FF2316191304}.Debug|x64.Build.0 = Debug|x64
		{9F946381-954F-3CED-85BE-FF2316191304}.Release|x64.ActiveCfg = Release|x64
		{9F946381-954F-3CED-85BE-FF2316191304}.Release|x64.Build.0 = Release|x64
		{2FC86D31-0357-3F00-868D-0602625F0268}.Debug|x64.ActiveCfg = Debug|x64
		{2FC86D31-0357-3F00-868D-0602625F0268}.Debug|x64.Build.0 = Debug|x64
		{2FC86D31-0357-3F00-868D-0602625F0268}.Release|x64.ActiveCfg = Release|x64
		{2FC86D31-0357-3F00-868D-0602625F0268}.Release|x64.Build.0 = Release|x64
		{DFAF2768-0BDD-3B00-A1E6-FF43E6FACA7C}.Debug|x64.ActiveCfg = Debug|x64
		{DFAF2768-0BDD-3B00-A1E6-FF43E6FACA7C}.Debug|x64.Build.0 = Debug|x64
		{DFAF2768-0BDD-3B00-A1E6-FF43E6FACA7C}.Release|x64.ActiveCfg = Release|x64
		{DFAF2768-0BDD-3B00-A1E6-FF43E6FACA7C}.Release|x64.Build.0 = Release|x64
		{2AB4F9F5-994D-3297-9D02-15807AA3D0B5}.Debug|x64.ActiveCfg = Debug|x64
		{2AB4F9F5-994D-3297-9D02-15807AA3D0B5}.Release|x64.ActiveCfg = Release|x64
		{5AA2BBB9-EFCD-37BF-8DD1-365D73074602}.Debug|x64.ActiveCfg = Debug|x64
		{5AA2BBB9-EFCD-37BF-8DD1-365D73074602}.Debug|x64.Build.0 = Debug|x64
		{5AA2BBB9-EFCD-37BF-8DD1-365D73074602}.Release|x64.ActiveCfg = Release|x64
		{5AA2BBB9-EFCD-37BF-8DD1-365D73074602}.Release|x64.Build.0 = Release|x64
	EndGlobalSection
	GlobalSection(ExtensibilityGlobals) = postSolution
		SolutionGuid = {CC311643-8EE1-36B0-A70D-81C132C2748C}
	EndGlobalSection
	GlobalSection(ExtensibilityAddIns) = postSolution
	EndGlobalSection
EndGlobal
