<?xml version="1.0" encoding="utf-8"?>
<Project ToolsVersion="17.0" xmlns="http://schemas.microsoft.com/developer/msbuild/2003">
  <ItemGroup>
    <ClCompile Include="C:\Projects\CurrencySwapper\build-test\CMakeFiles\CurrencySwapper.dir\cmake_pch.cxx">
      <Filter>Source Files</Filter>
    </ClCompile>
    <ClCompile Include="C:\Projects\CurrencySwapper\src\hooks.cpp">
      <Filter>src</Filter>
    </ClCompile>
    <ClCompile Include="C:\Projects\CurrencySwapper\src\main.cpp">
      <Filter>src</Filter>
    </ClCompile>
    <ClCompile Include="C:\Projects\CurrencySwapper\src\papyrus.cpp">
      <Filter>src</Filter>
    </ClCompile>
    <ClCompile Include="C:\Projects\CurrencySwapper\src\serde.cpp">
      <Filter>src</Filter>
    </ClCompile>
  </ItemGroup>
  <ItemGroup>
    <ClInclude Include="C:\Projects\CurrencySwapper\src\PCH.h">
      <Filter>src</Filter>
    </ClInclude>
    <ClInclude Include="C:\Projects\CurrencySwapper\src\hooks.h">
      <Filter>src</Filter>
    </ClInclude>
    <ClInclude Include="C:\Projects\CurrencySwapper\src\papyrus.h">
      <Filter>src</Filter>
    </ClInclude>
    <ClInclude Include="C:\Projects\CurrencySwapper\src\serde.h">
      <Filter>src</Filter>
    </ClInclude>
    <ClInclude Include="C:\Projects\CurrencySwapper\build-test\include\Version.h">
      <Filter>include</Filter>
    </ClInclude>
    <ClInclude Include="C:\Projects\CurrencySwapper\build-test\CMakeFiles\CurrencySwapper.dir\Debug\cmake_pch.hxx">
      <Filter>Precompile Header File</Filter>
    </ClInclude>
    <ClInclude Include="C:\Projects\CurrencySwapper\build-test\CMakeFiles\CurrencySwapper.dir\Release\cmake_pch.hxx">
      <Filter>Precompile Header File</Filter>
    </ClInclude>
  </ItemGroup>
  <ItemGroup>
    <CustomBuild Include="C:\Projects\CurrencySwapper\CMakeLists.txt" />
  </ItemGroup>
  <ItemGroup>
    <ResourceCompile Include="C:\Projects\CurrencySwapper\build-test\version.rc">
      <Filter>Source Files</Filter>
    </ResourceCompile>
  </ItemGroup>
  <ItemGroup>
    <Filter Include="Precompile Header File">
      <UniqueIdentifier>{A37ACB02-38B1-3E0F-B76A-1E4B66EC79E3}</UniqueIdentifier>
    </Filter>
    <Filter Include="Source Files">
      <UniqueIdentifier>{7B17B320-0B75-3F63-9B92-F154903EBAEC}</UniqueIdentifier>
    </Filter>
    <Filter Include="include">
      <UniqueIdentifier>{59457B7F-FEE6-340E-BAB9-F6A7D95C11A4}</UniqueIdentifier>
    </Filter>
    <Filter Include="src">
      <UniqueIdentifier>{FB921655-AD48-352A-B43A-B4F8ED1974B2}</UniqueIdentifier>
    </Filter>
  </ItemGroup>
</Project>
